
Microsoft Visual Studio Solution File, Format Version 12.00
# Visual Studio Version 17
VisualStudioVersion = 17.10.35013.160
MinimumVisualStudioVersion = 10.0.40219.1
Project("{FAE04EC0-301F-11D3-BF4B-00C04F79EFBC}") = "Age Calculator in C# 27paz2025", "Age Calculator in C# 27paz2025\Age Calculator in C# 27paz2025.csproj", "{EC47C0F2-BD5D-4773-A8D1-51D8C63886A8}"
EndProject
Global
	GlobalSection(SolutionConfigurationPlatforms) = preSolution
		Debug|Any CPU = Debug|Any CPU
		Release|Any CPU = Release|Any CPU
	EndGlobalSection
	GlobalSection(ProjectConfigurationPlatforms) = postSolution
		{EC47C0F2-BD5D-4773-A8D1-51D8C63886A8}.Debug|Any CPU.ActiveCfg = Debug|Any CPU
		{EC47C0F2-BD5D-4773-A8D1-51D8C63886A8}.Debug|Any CPU.Build.0 = Debug|Any CPU
		{EC47C0F2-BD5D-4773-A8D1-51D8C63886A8}.Release|Any CPU.ActiveCfg = Release|Any CPU
		{EC47C0F2-BD5D-4773-A8D1-51D8C63886A8}.Release|Any CPU.Build.0 = Release|Any CPU
	EndGlobalSection
	GlobalSection(SolutionProperties) = preSolution
		HideSolutionNode = FALSE
	EndGlobalSection
	GlobalSection(ExtensibilityGlobals) = postSolution
		SolutionGuid = {FF96480E-8200-49F4-BF67-EE008D9CA7DE}
	EndGlobalSection
EndGlobal
